
Microsoft Visual Studio Solution File, Format Version 12.00
# Visual Studio Version 17
VisualStudioVersion = 17.0.31903.59
MinimumVisualStudioVersion = 10.0.40219.1
Project("{2150E333-8FDC-42A3-9474-1A3956D46DE8}") = "src", "src", "{827E0CD3-B72D-47B6-A68D-7590B98EB39B}"
EndProject
Project("{FAE04EC0-301F-11D3-BF4B-00C04F79EFBC}") = "BlazorApp.Web", "src\BlazorApp.Web\BlazorApp.Web.csproj", "{5058FB52-57B3-4D93-B302-77CBB8319F15}"
EndProject
Project("{FAE04EC0-301F-11D3-BF4B-00C04F79EFBC}") = "BlazorApp.Core", "src\BlazorApp.Core\BlazorApp.Core.csproj", "{EFA480C4-2D07-4D92-B0E8-E1BC8227D938}"
EndProject
Project("{FAE04EC0-301F-11D3-BF4B-00C04F79EFBC}") = "BlazorApp.Infrastructure", "src\BlazorApp.Infrastructure\BlazorApp.Infrastructure.csproj", "{9CF22F67-2713-44E8-89A6-DBB8EDC3664A}"
EndProject
Project("{FAE04EC0-301F-11D3-BF4B-00C04F79EFBC}") = "BlazorApp.Shared", "src\BlazorApp.Shared\BlazorApp.Shared.csproj", "{24621140-58F4-44C9-812E-02E26BC28D0D}"
EndProject
Project("{FAE04EC0-301F-11D3-BF4B-00C04F79EFBC}") = "BlazorApp.UnitTests", "tests\BlazorApp.UnitTests\BlazorApp.UnitTests.csproj", "{34051E00-F2C2-4FBB-A771-679C383BDC7F}"
EndProject
Project("{FAE04EC0-301F-11D3-BF4B-00C04F79EFBC}") = "BlazorApp.IntegrationTests", "tests\BlazorApp.IntegrationTests\BlazorApp.IntegrationTests.csproj", "{F027BDEB-38A6-4F9F-A9F8-40A2BFA1D640}"
EndProject
Project("{FAE04EC0-301F-11D3-BF4B-00C04F79EFBC}") = "BlazorApp.UI.Tests", "tests\BlazorApp.UI.Tests\BlazorApp.UI.Tests.csproj", "{705D39A7-7813-4E4B-B10C-E6513DBCAAD6}"
EndProject
Global
	GlobalSection(SolutionConfigurationPlatforms) = preSolution
		Debug|Any CPU = Debug|Any CPU
		Debug|x64 = Debug|x64
		Debug|x86 = Debug|x86
		Release|Any CPU = Release|Any CPU
		Release|x64 = Release|x64
		Release|x86 = Release|x86
	EndGlobalSection
	GlobalSection(ProjectConfigurationPlatforms) = postSolution
		{5058FB52-57B3-4D93-B302-77CBB8319F15}.Debug|Any CPU.ActiveCfg = Debug|Any CPU
		{5058FB52-57B3-4D93-B302-77CBB8319F15}.Debug|Any CPU.Build.0 = Debug|Any CPU
		{5058FB52-57B3-4D93-B302-77CBB8319F15}.Debug|x64.ActiveCfg = Debug|Any CPU
		{5058FB52-57B3-4D93-B302-77CBB8319F15}.Debug|x64.Build.0 = Debug|Any CPU
		{5058FB52-57B3-4D93-B302-77CBB8319F15}.Debug|x86.ActiveCfg = Debug|Any CPU
		{5058FB52-57B3-4D93-B302-77CBB8319F15}.Debug|x86.Build.0 = Debug|Any CPU
		{5058FB52-57B3-4D93-B302-77CBB8319F15}.Release|Any CPU.ActiveCfg = Release|Any CPU
		{5058FB52-57B3-4D93-B302-77CBB8319F15}.Release|Any CPU.Build.0 = Release|Any CPU
		{5058FB52-57B3-4D93-B302-77CBB8319F15}.Release|x64.ActiveCfg = Release|Any CPU
		{5058FB52-57B3-4D93-B302-77CBB8319F15}.Release|x64.Build.0 = Release|Any CPU
		{5058FB52-57B3-4D93-B302-77CBB8319F15}.Release|x86.ActiveCfg = Release|Any CPU
		{5058FB52-57B3-4D93-B302-77CBB8319F15}.Release|x86.Build.0 = Release|Any CPU
		{EFA480C4-2D07-4D92-B0E8-E1BC8227D938}.Debug|Any CPU.ActiveCfg = Debug|Any CPU
		{EFA480C4-2D07-4D92-B0E8-E1BC8227D938}.Debug|Any CPU.Build.0 = Debug|Any CPU
		{EFA480C4-2D07-4D92-B0E8-E1BC8227D938}.Debug|x64.ActiveCfg = Debug|Any CPU
		{EFA480C4-2D07-4D92-B0E8-E1BC8227D938}.Debug|x64.Build.0 = Debug|Any CPU
		{EFA480C4-2D07-4D92-B0E8-E1BC8227D938}.Debug|x86.ActiveCfg = Debug|Any CPU
		{EFA480C4-2D07-4D92-B0E8-E1BC8227D938}.Debug|x86.Build.0 = Debug|Any CPU
		{EFA480C4-2D07-4D92-B0E8-E1BC8227D938}.Release|Any CPU.ActiveCfg = Release|Any CPU
		{EFA480C4-2D07-4D92-B0E8-E1BC8227D938}.Release|Any CPU.Build.0 = Release|Any CPU
		{EFA480C4-2D07-4D92-B0E8-E1BC8227D938}.Release|x64.ActiveCfg = Release|Any CPU
		{EFA480C4-2D07-4D92-B0E8-E1BC8227D938}.Release|x64.Build.0 = Release|Any CPU
		{EFA480C4-2D07-4D92-B0E8-E1BC8227D938}.Release|x86.ActiveCfg = Release|Any CPU
		{EFA480C4-2D07-4D92-B0E8-E1BC8227D938}.Release|x86.Build.0 = Release|Any CPU
		{9CF22F67-2713-44E8-89A6-DBB8EDC3664A}.Debug|Any CPU.ActiveCfg = Debug|Any CPU
		{9CF22F67-2713-44E8-89A6-DBB8EDC3664A}.Debug|Any CPU.Build.0 = Debug|Any CPU
		{9CF22F67-2713-44E8-89A6-DBB8EDC3664A}.Debug|x64.ActiveCfg = Debug|Any CPU
		{9CF22F67-2713-44E8-89A6-DBB8EDC3664A}.Debug|x64.Build.0 = Debug|Any CPU
		{9CF22F67-2713-44E8-89A6-DBB8EDC3664A}.Debug|x86.ActiveCfg = Debug|Any CPU
		{9CF22F67-2713-44E8-89A6-DBB8EDC3664A}.Debug|x86.Build.0 = Debug|Any CPU
		{9CF22F67-2713-44E8-89A6-DBB8EDC3664A}.Release|Any CPU.ActiveCfg = Release|Any CPU
		{9CF22F67-2713-44E8-89A6-DBB8EDC3664A}.Release|Any CPU.Build.0 = Release|Any CPU
		{9CF22F67-2713-44E8-89A6-DBB8EDC3664A}.Release|x64.ActiveCfg = Release|Any CPU
		{9CF22F67-2713-44E8-89A6-DBB8EDC3664A}.Release|x64.Build.0 = Release|Any CPU
		{9CF22F67-2713-44E8-89A6-DBB8EDC3664A}.Release|x86.ActiveCfg = Release|Any CPU
		{9CF22F67-2713-44E8-89A6-DBB8EDC3664A}.Release|x86.Build.0 = Release|Any CPU
		{24621140-58F4-44C9-812E-02E26BC28D0D}.Debug|Any CPU.ActiveCfg = Debug|Any CPU
		{24621140-58F4-44C9-812E-02E26BC28D0D}.Debug|Any CPU.Build.0 = Debug|Any CPU
		{24621140-58F4-44C9-812E-02E26BC28D0D}.Debug|x64.ActiveCfg = Debug|Any CPU
		{24621140-58F4-44C9-812E-02E26BC28D0D}.Debug|x64.Build.0 = Debug|Any CPU
		{24621140-58F4-44C9-812E-02E26BC28D0D}.Debug|x86.ActiveCfg = Debug|Any CPU
		{24621140-58F4-44C9-812E-02E26BC28D0D}.Debug|x86.Build.0 = Debug|Any CPU
		{24621140-58F4-44C9-812E-02E26BC28D0D}.Release|Any CPU.ActiveCfg = Release|Any CPU
		{24621140-58F4-44C9-812E-02E26BC28D0D}.Release|Any CPU.Build.0 = Release|Any CPU
		{24621140-58F4-44C9-812E-02E26BC28D0D}.Release|x64.ActiveCfg = Release|Any CPU
		{24621140-58F4-44C9-812E-02E26BC28D0D}.Release|x64.Build.0 = Release|Any CPU
		{24621140-58F4-44C9-812E-02E26BC28D0D}.Release|x86.ActiveCfg = Release|Any CPU
		{24621140-58F4-44C9-812E-02E26BC28D0D}.Release|x86.Build.0 = Release|Any CPU
		{34051E00-F2C2-4FBB-A771-679C383BDC7F}.Debug|Any CPU.ActiveCfg = Debug|Any CPU
		{34051E00-F2C2-4FBB-A771-679C383BDC7F}.Debug|Any CPU.Build.0 = Debug|Any CPU
		{34051E00-F2C2-4FBB-A771-679C383BDC7F}.Debug|x64.ActiveCfg = Debug|Any CPU
		{34051E00-F2C2-4FBB-A771-679C383BDC7F}.Debug|x64.Build.0 = Debug|Any CPU
		{34051E00-F2C2-4FBB-A771-679C383BDC7F}.Debug|x86.ActiveCfg = Debug|Any CPU
		{34051E00-F2C2-4FBB-A771-679C383BDC7F}.Debug|x86.Build.0 = Debug|Any CPU
		{34051E00-F2C2-4FBB-A771-679C383BDC7F}.Release|Any CPU.ActiveCfg = Release|Any CPU
		{34051E00-F2C2-4FBB-A771-679C383BDC7F}.Release|Any CPU.Build.0 = Release|Any CPU
		{34051E00-F2C2-4FBB-A771-679C383BDC7F}.Release|x64.ActiveCfg = Release|Any CPU
		{34051E00-F2C2-4FBB-A771-679C383BDC7F}.Release|x64.Build.0 = Release|Any CPU
		{34051E00-F2C2-4FBB-A771-679C383BDC7F}.Release|x86.ActiveCfg = Release|Any CPU
		{34051E00-F2C2-4FBB-A771-679C383BDC7F}.Release|x86.Build.0 = Release|Any CPU
		{F027BDEB-38A6-4F9F-A9F8-40A2BFA1D640}.Debug|Any CPU.ActiveCfg = Debug|Any CPU
		{F027BDEB-38A6-4F9F-A9F8-40A2BFA1D640}.Debug|Any CPU.Build.0 = Debug|Any CPU
		{F027BDEB-38A6-4F9F-A9F8-40A2BFA1D640}.Debug|x64.ActiveCfg = Debug|Any CPU
		{F027BDEB-38A6-4F9F-A9F8-40A2BFA1D640}.Debug|x64.Build.0 = Debug|Any CPU
		{F027BDEB-38A6-4F9F-A9F8-40A2BFA1D640}.Debug|x86.ActiveCfg = Debug|Any CPU
		{F027BDEB-38A6-4F9F-A9F8-40A2BFA1D640}.Debug|x86.Build.0 = Debug|Any CPU
		{F027BDEB-38A6-4F9F-A9F8-40A2BFA1D640}.Release|Any CPU.ActiveCfg = Release|Any CPU
		{F027BDEB-38A6-4F9F-A9F8-40A2BFA1D640}.Release|Any CPU.Build.0 = Release|Any CPU
		{F027BDEB-38A6-4F9F-A9F8-40A2BFA1D640}.Release|x64.ActiveCfg = Release|Any CPU
		{F027BDEB-38A6-4F9F-A9F8-40A2BFA1D640}.Release|x64.Build.0 = Release|Any CPU
		{F027BDEB-38A6-4F9F-A9F8-40A2BFA1D640}.Release|x86.ActiveCfg = Release|Any CPU
		{F027BDEB-38A6-4F9F-A9F8-40A2BFA1D640}.Release|x86.Build.0 = Release|Any CPU
		{705D39A7-7813-4E4B-B10C-E6513DBCAAD6}.Debug|Any CPU.ActiveCfg = Debug|Any CPU
		{705D39A7-7813-4E4B-B10C-E6513DBCAAD6}.Debug|Any CPU.Build.0 = Debug|Any CPU
		{705D39A7-7813-4E4B-B10C-E6513DBCAAD6}.Debug|x64.ActiveCfg = Debug|Any CPU
		{705D39A7-7813-4E4B-B10C-E6513DBCAAD6}.Debug|x64.Build.0 = Debug|Any CPU
		{705D39A7-7813-4E4B-B10C-E6513DBCAAD6}.Debug|x86.ActiveCfg = Debug|Any CPU
		{705D39A7-7813-4E4B-B10C-E6513DBCAAD6}.Debug|x86.Build.0 = Debug|Any CPU
		{705D39A7-7813-4E4B-B10C-E6513DBCAAD6}.Release|Any CPU.ActiveCfg = Release|Any CPU
		{705D39A7-7813-4E4B-B10C-E6513DBCAAD6}.Release|Any CPU.Build.0 = Release|Any CPU
		{705D39A7-7813-4E4B-B10C-E6513DBCAAD6}.Release|x64.ActiveCfg = Release|Any CPU
		{705D39A7-7813-4E4B-B10C-E6513DBCAAD6}.Release|x64.Build.0 = Release|Any CPU
		{705D39A7-7813-4E4B-B10C-E6513DBCAAD6}.Release|x86.ActiveCfg = Release|Any CPU
		{705D39A7-7813-4E4B-B10C-E6513DBCAAD6}.Release|x86.Build.0 = Release|Any CPU
	EndGlobalSection
	GlobalSection(SolutionProperties) = preSolution
		HideSolutionNode = FALSE
	EndGlobalSection
	GlobalSection(NestedProjects) = preSolution
		{5058FB52-57B3-4D93-B302-77CBB8319F15} = {827E0CD3-B72D-47B6-A68D-7590B98EB39B}
		{EFA480C4-2D07-4D92-B0E8-E1BC8227D938} = {827E0CD3-B72D-47B6-A68D-7590B98EB39B}
		{9CF22F67-2713-44E8-89A6-DBB8EDC3664A} = {827E0CD3-B72D-47B6-A68D-7590B98EB39B}
		{24621140-58F4-44C9-812E-02E26BC28D0D} = {827E0CD3-B72D-47B6-A68D-7590B98EB39B}
		{34051E00-F2C2-4FBB-A771-679C383BDC7F} = {827E0CD3-B72D-47B6-A68D-7590B98EB39B}
		{F027BDEB-38A6-4F9F-A9F8-40A2BFA1D640} = {827E0CD3-B72D-47B6-A68D-7590B98EB39B}
		{705D39A7-7813-4E4B-B10C-E6513DBCAAD6} = {827E0CD3-B72D-47B6-A68D-7590B98EB39B}
	EndGlobalSection
EndGlobal
